[[package]]
name = "gb_emu"
version = "0.1.0"
dependencies = [
 "strfmt 0.1.6 (registry+https://github.com/rust-lang/crates.io-index)",
]

[[package]]
name = "strfmt"
version = "0.1.6"
source = "registry+https://github.com/rust-lang/crates.io-index"

[metadata]
"checksum strfmt 0.1.6 (registry+https://github.com/rust-lang/crates.io-index)" = "b278b244ef7aa5852b277f52dd0c6cac3a109919e1f6d699adde63251227a30f"
